
Microsoft Visual Studio Solution File, Format Version 12.00
# Visual Studio Version 17
VisualStudioVersion = 17.8.34525.116
MinimumVisualStudioVersion = 10.0.40219.1
Project("{FAE04EC0-301F-11D3-BF4B-00C04F79EFBC}") = "deal or no deal", "deal or no deal\deal or no deal.csproj", "{FD8B72C7-27D9-41C0-8264-5058CEA11B63}"
EndProject
Global
	GlobalSection(SolutionConfigurationPlatforms) = preSolution
		Debug|Any CPU = Debug|Any CPU
		Release|Any CPU = Release|Any CPU
	EndGlobalSection
	GlobalSection(ProjectConfigurationPlatforms) = postSolution
		{FD8B72C7-27D9-41C0-8264-5058CEA11B63}.Debug|Any CPU.ActiveCfg = Debug|Any CPU
		{FD8B72C7-27D9-41C0-8264-5058CEA11B63}.Debug|Any CPU.Build.0 = Debug|Any CPU
		{FD8B72C7-27D9-41C0-8264-5058CEA11B63}.Release|Any CPU.ActiveCfg = Release|Any CPU
		{FD8B72C7-27D9-41C0-8264-5058CEA11B63}.Release|Any CPU.Build.0 = Release|Any CPU
	EndGlobalSection
	GlobalSection(SolutionProperties) = preSolution
		HideSolutionNode = FALSE
	EndGlobalSection
	GlobalSection(ExtensibilityGlobals) = postSolution
		SolutionGuid = {01F4C7FA-5FA8-4EC5-90CE-9DDBBB454247}
	EndGlobalSection
EndGlobal
