
Microsoft Visual Studio Solution File, Format Version 12.00
# Visual Studio Version 17
VisualStudioVersion = 17.8.34525.116
MinimumVisualStudioVersion = 10.0.40219.1
Project("{FAE04EC0-301F-11D3-BF4B-00C04F79EFBC}") = "jumble", "jumble\jumble.csproj", "{3047D5E1-A20D-40B1-AE2A-307ABE2A48B4}"
EndProject
Global
	GlobalSection(SolutionConfigurationPlatforms) = preSolution
		Debug|Any CPU = Debug|Any CPU
		Release|Any CPU = Release|Any CPU
	EndGlobalSection
	GlobalSection(ProjectConfigurationPlatforms) = postSolution
		{3047D5E1-A20D-40B1-AE2A-307ABE2A48B4}.Debug|Any CPU.ActiveCfg = Debug|Any CPU
		{3047D5E1-A20D-40B1-AE2A-307ABE2A48B4}.Debug|Any CPU.Build.0 = Debug|Any CPU
		{3047D5E1-A20D-40B1-AE2A-307ABE2A48B4}.Release|Any CPU.ActiveCfg = Release|Any CPU
		{3047D5E1-A20D-40B1-AE2A-307ABE2A48B4}.Release|Any CPU.Build.0 = Release|Any CPU
	EndGlobalSection
	GlobalSection(SolutionProperties) = preSolution
		HideSolutionNode = FALSE
	EndGlobalSection
	GlobalSection(ExtensibilityGlobals) = postSolution
		SolutionGuid = {C0F3AB6A-70FE-46AF-AC00-1E276802324A}
	EndGlobalSection
EndGlobal
