
Microsoft Visual Studio Solution File, Format Version 12.00
# Visual Studio Version 17
VisualStudioVersion = 17.8.34525.116
MinimumVisualStudioVersion = 10.0.40219.1
Project("{FAE04EC0-301F-11D3-BF4B-00C04F79EFBC}") = "war dice", "war dice\war dice.csproj", "{66B82B89-263D-44B1-A2D3-405108407B3E}"
EndProject
Global
	GlobalSection(SolutionConfigurationPlatforms) = preSolution
		Debug|Any CPU = Debug|Any CPU
		Release|Any CPU = Release|Any CPU
	EndGlobalSection
	GlobalSection(ProjectConfigurationPlatforms) = postSolution
		{66B82B89-263D-44B1-A2D3-405108407B3E}.Debug|Any CPU.ActiveCfg = Debug|Any CPU
		{66B82B89-263D-44B1-A2D3-405108407B3E}.Debug|Any CPU.Build.0 = Debug|Any CPU
		{66B82B89-263D-44B1-A2D3-405108407B3E}.Release|Any CPU.ActiveCfg = Release|Any CPU
		{66B82B89-263D-44B1-A2D3-405108407B3E}.Release|Any CPU.Build.0 = Release|Any CPU
	EndGlobalSection
	GlobalSection(SolutionProperties) = preSolution
		HideSolutionNode = FALSE
	EndGlobalSection
	GlobalSection(ExtensibilityGlobals) = postSolution
		SolutionGuid = {0156B053-3B5D-4A7E-81B0-68221CA9B3E6}
	EndGlobalSection
EndGlobal
