
Microsoft Visual Studio Solution File, Format Version 12.00
# Visual Studio Version 17
VisualStudioVersion = 17.8.34525.116
MinimumVisualStudioVersion = 10.0.40219.1
Project("{FAE04EC0-301F-11D3-BF4B-00C04F79EFBC}") = "sponge_treasure_hunt", "sponge_treasure_hunt\sponge_treasure_hunt.csproj", "{523C70AA-319D-47F0-8517-214DE0126A6E}"
EndProject
Global
	GlobalSection(SolutionConfigurationPlatforms) = preSolution
		Debug|Any CPU = Debug|Any CPU
		Release|Any CPU = Release|Any CPU
	EndGlobalSection
	GlobalSection(ProjectConfigurationPlatforms) = postSolution
		{523C70AA-319D-47F0-8517-214DE0126A6E}.Debug|Any CPU.ActiveCfg = Debug|Any CPU
		{523C70AA-319D-47F0-8517-214DE0126A6E}.Debug|Any CPU.Build.0 = Debug|Any CPU
		{523C70AA-319D-47F0-8517-214DE0126A6E}.Release|Any CPU.ActiveCfg = Release|Any CPU
		{523C70AA-319D-47F0-8517-214DE0126A6E}.Release|Any CPU.Build.0 = Release|Any CPU
	EndGlobalSection
	GlobalSection(SolutionProperties) = preSolution
		HideSolutionNode = FALSE
	EndGlobalSection
	GlobalSection(ExtensibilityGlobals) = postSolution
		SolutionGuid = {A44719FE-2898-4410-9BA7-4ACDE3A62640}
	EndGlobalSection
EndGlobal
